
Microsoft Visual Studio Solution File, Format Version 12.00
# Visual Studio Version 16
VisualStudioVersion = 16.0.30804.86
MinimumVisualStudioVersion = 10.0.40219.1
Project("{FAE04EC0-301F-11D3-BF4B-00C04F79EFBC}") = "WindowsFormsApp1", "WindowsFormsApp1\WindowsFormsApp1.csproj", "{AAD8686A-0DCB-42EA-96CE-24D4884CFAE0}"
EndProject
Global
	GlobalSection(SolutionConfigurationPlatforms) = preSolution
		Debug|Any CPU = Debug|Any CPU
		Release|Any CPU = Release|Any CPU
	EndGlobalSection
	GlobalSection(ProjectConfigurationPlatforms) = postSolution
		{AAD8686A-0DCB-42EA-96CE-24D4884CFAE0}.Debug|Any CPU.ActiveCfg = Debug|Any CPU
		{AAD8686A-0DCB-42EA-96CE-24D4884CFAE0}.Debug|Any CPU.Build.0 = Debug|Any CPU
		{AAD8686A-0DCB-42EA-96CE-24D4884CFAE0}.Release|Any CPU.ActiveCfg = Release|Any CPU
		{AAD8686A-0DCB-42EA-96CE-24D4884CFAE0}.Release|Any CPU.Build.0 = Release|Any CPU
	EndGlobalSection
	GlobalSection(SolutionProperties) = preSolution
		HideSolutionNode = FALSE
	EndGlobalSection
	GlobalSection(ExtensibilityGlobals) = postSolution
		SolutionGuid = {49729FED-BA83-4A91-9551-0C9DF4DC7CFD}
	EndGlobalSection
EndGlobal
